{
  "name": "fullcalendar",
  "version": "5.9.0",
  "lockfileVersion": 1,
  "requires": true,
  "dependencies": {
    "@fullcalendar/common": {
      "version": "5.9.0",
      "resolved": "https://registry.npmjs.org/@fullcalendar/common/-/common-5.9.0.tgz",
      "integrity": "sha512-wfUDRg53gzUU7Ng1wqjvvM2ncFx+5PiyCq5k2KjEbMourv7m4Zw6B3xlhpQbfUv3WOnbJgwLLNLFEMcsEJpXBQ==",
      "dev": true,
      "requires": {
        "tslib": "^2.1.0"
      }
    },
    "@fullcalendar/core": {
      "version": "5.9.0",
      "resolved": "https://registry.npmjs.org/@fullcalendar/core/-/core-5.9.0.tgz",
      "integrity": "sha512-3+zSm8ykXqM2vEGYp4P/BEoR2TB0W9mN6zBGZ6SY9y0nC+Fc0+ZXJmFlYmrEYSdO4kmREnlxntkp1+o9mu8PIQ==",
      "dev": true,
      "requires": {
        "@fullcalendar/common": "~5.9.0",
        "preact": "^10.0.5",
        "tslib": "^2.1.0"
      }
    },
    "@fullcalendar/daygrid": {
      "version": "5.9.0",
      "resolved": "https://registry.npmjs.org/@fullcalendar/daygrid/-/daygrid-5.9.0.tgz",
      "integrity": "sha512-yTYjTM+bjTWfq5uUnSMBH4j1il+b0IAAe+q2UcAeky4iggwn9pi+taUtETtlPTQCSBSWaF8TuEZ3+apB0RrjyQ==",
      "dev": true,
      "requires": {
        "@fullcalendar/common": "~5.9.0",
        "tslib": "^2.1.0"
      }
    },
    "@fullcalendar/list": {
      "version": "5.9.0",
      "resolved": "https://registry.npmjs.org/@fullcalendar/list/-/list-5.9.0.tgz",
      "integrity": "sha512-bpekkh0RNitVgX33Y3dsorcUEs2E+KJ5qQaH26FNwYShVi1RmqQ7CDNVqIXKiAJwBWMjNJv8xHayTv01XYbmTA==",
      "dev": true,
      "requires": {
        "@fullcalendar/common": "~5.9.0",
        "tslib": "^2.1.0"
      }
    },
    "@fullcalendar/timegrid": {
      "version": "5.9.0",
      "resolved": "https://registry.npmjs.org/@fullcalendar/timegrid/-/timegrid-5.9.0.tgz",
      "integrity": "sha512-X9JLepHz6hSuiziVkIlgBkx/W/5E4nIqJ6i0LISk3zPFH/Arn0QjQU345ISys8OTwezPUgJvLGrl4Yy4/gRULw==",
      "dev": true,
      "requires": {
        "@fullcalendar/common": "~5.9.0",
        "@fullcalendar/daygrid": "~5.9.0",
        "tslib": "^2.1.0"
      }
    },
    "preact": {
      "version": "10.5.14",
      "resolved": "https://registry.npmjs.org/preact/-/preact-10.5.14.tgz",
      "integrity": "sha512-KojoltCrshZ099ksUZ2OQKfbH66uquFoxHSbnwKbTJHeQNvx42EmC7wQVWNuDt6vC5s3nudRHFtKbpY4ijKlaQ==",
      "dev": true
    },
    "tslib": {
      "version": "2.3.0",
      "resolved": "https://registry.npmjs.org/tslib/-/tslib-2.3.0.tgz",
      "integrity": "sha512-N82ooyxVNm6h1riLCoyS9e3fuJ3AMG2zIZs2Gd1ATcSFjSA23Q0fzjjZeh0jbJvWVDZ0cJT8yaNNaaXHzueNjg==",
      "dev": true
    }
  }
}
